// !$*UTF8*$!
{
	archiveVersion = 1;
	classes = {
	};
	objectVersion = 46;
	objects = {

/* Begin PBXBuildFile section */
		838749291E88EA68000E2DAF /* main.c in Sources */ = {isa = PBXBuildFile; fileRef = 838749281E88EA68000E2DAF /* main.c */; };
		838749311E88EACA000E2DAF /* LinkedList.c in Sources */ = {isa = PBXBuildFile; fileRef = 8387492F1E88EACA000E2DAF /* LinkedList.c */; };
/* End PBXBuildFile section */

/* Begin PBXCopyFilesBuildPhase section */
		838749231E88EA68000E2DAF /* CopyFiles */ = {
			isa = PBXCopyFilesBuildPhase;
			buildActionMask = 2147483647;
			dstPath = /usr/share/man/man1/;
			dstSubfolderSpec = 0;
			files = (
			);
			runOnlyForDeploymentPostprocessing = 1;
		};
/* End PBXCopyFilesBuildPhase section */

/* Begin PBXFileReference section */
		838749251E88EA68000E2DAF /* PrintLots */ = {isa = PBXFileReference; explicitFileType = "compiled.mach-o.executable"; includeInIndex = 0; path = PrintLots; sourceTree = BUILT_PRODUCTS_DIR; };
		838749281E88EA68000E2DAF /* main.c */ = {isa = PBXFileReference; lastKnownFileType = sourcecode.c.c; path = main.c; sourceTree = "<group>"; };
		8387492F1E88EACA000E2DAF /* LinkedList.c */ = {isa = PBXFileReference; fileEncoding = 4; lastKnownFileType = sourcecode.c.c; path = LinkedList.c; sourceTree = "<group>"; };
		838749301E88EACA000E2DAF /* LinkedList.h */ = {isa = PBXFileReference; fileEncoding = 4; lastKnownFileType = sourcecode.c.h; path = LinkedList.h; sourceTree = "<group>"; };
/* End PBXFileReference section */

/* Begin PBXFrameworksBuildPhase section */
		838749221E88EA68000E2DAF /* Frameworks */ = {
			isa = PBXFrameworksBuildPhase;
			buildActionMask = 2147483647;
			files = (
			);
			runOnlyForDeploymentPostprocessing = 0;
		};
/* End PBXFrameworksBuildPhase section */

/* Begin PBXGroup section */
		8387491C1E88EA68000E2DAF = {
			isa = PBXGroup;
			children = (
				838749271E88EA68000E2DAF /* PrintLots */,
				838749261E88EA68000E2DAF /* Products */,
			);
			sourceTree = "<group>";
		};
		838749261E88EA68000E2DAF /* Products */ = {
			isa = PBXGroup;
			children = (
				838749251E88EA68000E2DAF /* PrintLots */,
			);
			name = Products;
			sourceTree = "<group>";
		};
		838749271E88EA68000E2DAF /* PrintLots */ = {
			isa = PBXGroup;
			children = (
				838749281E88EA68000E2DAF /* main.c */,
				8387492F1E88EACA000E2DAF /* LinkedList.c */,
				838749301E88EACA000E2DAF /* LinkedList.h */,
			);
			path = PrintLots;
			sourceTree = "<group>";
		};
/* End PBXGroup section */

/* Begin PBXNativeTarget section */
		838749241E88EA68000E2DAF /* PrintLots */ = {
			isa = PBXNativeTarget;
			buildConfigurationList = 8387492C1E88EA68000E2DAF /* Build configuration list for PBXNativeTarget "PrintLots" */;
			buildPhases = (
				838749211E88EA68000E2DAF /* Sources */,
				838749221E88EA68000E2DAF /* Frameworks */,
				838749231E88EA68000E2DAF /* CopyFiles */,
			);
			buildRules = (
			);
			dependencies = (
			);
			name = PrintLots;
			productName = PrintLots;
			productReference = 838749251E88EA68000E2DAF /* PrintLots */;
			productType = "com.apple.product-type.tool";
		};
/* End PBXNativeTarget section */

/* Begin PBXProject section */
		8387491D1E88EA68000E2DAF /* Project object */ = {
			isa = PBXProject;
			attributes = {
				LastUpgradeCheck = 0820;
				ORGANIZATIONNAME = NUT;
				TargetAttributes = {
					838749241E88EA68000E2DAF = {
						CreatedOnToolsVersion = 8.2.1;
						DevelopmentTeam = M4SURQ5L6K;
						ProvisioningStyle = Automatic;
					};
				};
			};
			buildConfigurationList = 838749201E88EA68000E2DAF /* Build configuration list for PBXProject "PrintLots" */;
			compatibilityVersion = "Xcode 3.2";
			developmentRegion = English;
			hasScannedForEncodings = 0;
			knownRegions = (
				en,
			);
			mainGroup = 8387491C1E88EA68000E2DAF;
			productRefGroup = 838749261E88EA68000E2DAF /* Products */;
			projectDirPath = "";
			projectRoot = "";
			targets = (
				838749241E88EA68000E2DAF /* PrintLots */,
			);
		};
/* End PBXProject section */

/* Begin PBXSourcesBuildPhase section */
		838749211E88EA68000E2DAF /* Sources */ = {
			isa = PBXSourcesBuildPhase;
			buildActionMask = 2147483647;
			files = (
				838749311E88EACA000E2DAF /* LinkedList.c in Sources */,
				838749291E88EA68000E2DAF /* main.c in Sources */,
			);
			runOnlyForDeploymentPostprocessing = 0;
		};
/* End PBXSourcesBuildPhase section */

/* Begin XCBuildConfiguration section */
		8387492A1E88EA68000E2DAF /* Debug */ = {
			isa = XCBuildConfiguration;
			buildSettings = {
				ALWAYS_SEARCH_USER_PATHS = NO;
				CLANG_ANALYZER_NONNULL = YES;
				CLANG_CXX_LANGUAGE_STANDARD = "gnu++0x";
				CLANG_CXX_LIBRARY = "libc++";
				CLANG_ENABLE_MODULES = YES;
				CLANG_ENABLE_OBJC_ARC = YES;
				CLANG_WARN_BOOL_CONVERSION = YES;
				CLANG_WARN_CONSTANT_CONVERSION = YES;
				CLANG_WARN_DIRECT_OBJC_ISA_USAGE = YES_ERROR;
				CLANG_WARN_DOCUMENTATION_COMMENTS = YES;
				CLANG_WARN_EMPTY_BODY = YES;
				CLANG_WARN_ENUM_CONVERSION = YES;
				CLANG_WARN_INFINITE_RECURSION = YES;
				CLANG_WARN_INT_CONVERSION = YES;
				CLANG_WARN_OBJC_ROOT_CLASS = YES_ERROR;
				CLANG_WARN_SUSPICIOUS_MOVE = YES;
				CLANG_WARN_UNREACHABLE_CODE = YES;
				CLANG_WARN__DUPLICATE_METHOD_MATCH = YES;
				CODE_SIGN_IDENTITY = "-";
				COPY_PHASE_STRIP = NO;
				DEBUG_INFORMATION_FORMAT = dwarf;
				ENABLE_STRICT_OBJC_MSGSEND = YES;
				ENABLE_TESTABILITY = YES;
				GCC_C_LANGUAGE_STANDARD = gnu99;
				GCC_DYNAMIC_NO_PIC = NO;
				GCC_NO_COMMON_BLOCKS = YES;
				GCC_OPTIMIZATION_LEVEL = 0;
				GCC_PREPROCESSOR_DEFINITIONS = (
					"DEBUG=1",
					"$(inherited)",
				);
				GCC_WARN_64_TO_32_BIT_CONVERSION = YES;
				GCC_WARN_ABOUT_RETURN_TYPE = YES_ERROR;
				GCC_WARN_UNDECLARED_SELECTOR = YES;
				GCC_WARN_UNINITIALIZED_AUTOS = YES_AGGRESSIVE;
				GCC_WARN_UNUSED_FUNCTION = YES;
				GCC_WARN_UNUSED_VARIABLE = YES;
				MACOSX_DEPLOYMENT_TARGET = 10.12;
				MTL_ENABLE_DEBUG_INFO = YES;
				ONLY_ACTIVE_ARCH = YES;
				SDKROOT = macosx;
			};
			name = Debug;
		};
		8387492B1E88EA68000E2DAF /* Release */ = {
			isa = XCBuildConfiguration;
			buildSettings = {
				ALWAYS_SEARCH_USER_PATHS = NO;
				CLANG_ANALYZER_NONNULL = YES;
				CLANG_CXX_LANGUAGE_STANDARD = "gnu++0x";
				CLANG_CXX_LIBRARY = "libc++";
				CLANG_ENABLE_MODULES = YES;
				CLANG_ENABLE_OBJC_ARC = YES;
				CLANG_WARN_BOOL_CONVERSION = YES;
				CLANG_WARN_CONSTANT_CONVERSION = YES;
				CLANG_WARN_DIRECT_OBJC_ISA_USAGE = YES_ERROR;
				CLANG_WARN_DOCUMENTATION_COMMENTS = YES;
				CLANG_WARN_EMPTY_BODY = YES;
				CLANG_WARN_ENUM_CONVERSION = YES;
				CLANG_WARN_INFINITE_RECURSION = YES;
				CLANG_WARN_INT_CONVERSION = YES;
				CLANG_WARN_OBJC_ROOT_CLASS = YES_ERROR;
				CLANG_WARN_SUSPICIOUS_MOVE = YES;
				CLANG_WARN_UNREACHABLE_CODE = YES;
				CLANG_WARN__DUPLICATE_METHOD_MATCH = YES;
				CODE_SIGN_IDENTITY = "-";
				COPY_PHASE_STRIP = NO;
				DEBUG_INFORMATION_FORMAT = "dwarf-with-dsym";
				ENABLE_NS_ASSERTIONS = NO;
				ENABLE_STRICT_OBJC_MSGSEND = YES;
				GCC_C_LANGUAGE_STANDARD = gnu99;
				GCC_NO_COMMON_BLOCKS = YES;
				GCC_WARN_64_TO_32_BIT_CONVERSION = YES;
				GCC_WARN_ABOUT_RETURN_TYPE = YES_ERROR;
				GCC_WARN_UNDECLARED_SELECTOR = YES;
				GCC_WARN_UNINITIALIZED_AUTOS = YES_AGGRESSIVE;
				GCC_WARN_UNUSED_FUNCTION = YES;
				GCC_WARN_UNUSED_VARIABLE = YES;
				MACOSX_DEPLOYMENT_TARGET = 10.12;
				MTL_ENABLE_DEBUG_INFO = NO;
				SDKROOT = macosx;
			};
			name = Release;
		};
		8387492D1E88EA68000E2DAF /* Debug */ = {
			isa = XCBuildConfiguration;
			buildSettings = {
				DEVELOPMENT_TEAM = M4SURQ5L6K;
				PRODUCT_NAME = "$(TARGET_NAME)";
			};
			name = Debug;
		};
		8387492E1E88EA68000E2DAF /* Release */ = {
			isa = XCBuildConfiguration;
			buildSettings = {
				DEVELOPMENT_TEAM = M4SURQ5L6K;
				PRODUCT_NAME = "$(TARGET_NAME)";
			};
			name = Release;
		};
/* End XCBuildConfiguration section */

/* Begin XCConfigurationList section */
		838749201E88EA68000E2DAF /* Build configuration list for PBXProject "PrintLots" */ = {
			isa = XCConfigurationList;
			buildConfigurations = (
				8387492A1E88EA68000E2DAF /* Debug */,
				8387492B1E88EA68000E2DAF /* Release */,
			);
			defaultConfigurationIsVisible = 0;
			defaultConfigurationName = Release;
		};
		8387492C1E88EA68000E2DAF /* Build configuration list for PBXNativeTarget "PrintLots" */ = {
			isa = XCConfigurationList;
			buildConfigurations = (
				8387492D1E88EA68000E2DAF /* Debug */,
				8387492E1E88EA68000E2DAF /* Release */,
			);
			defaultConfigurationIsVisible = 0;
		};
/* End XCConfigurationList section */
	};
	rootObject = 8387491D1E88EA68000E2DAF /* Project object */;
}
